// !$*UTF8*$!
{
	archiveVersion = 1;
	classes = {
	};
	objectVersion = 50;
	objects = {

/* Begin PBXBuildFile section */
		F80604A2215960480086390D /* AppDelegate.swift in Sources */ = {isa = PBXBuildFile; fileRef = F80604A1215960480086390D /* AppDelegate.swift */; };
		F80604A9215960480086390D /* Assets.xcassets in Resources */ = {isa = PBXBuildFile; fileRef = F80604A8215960480086390D /* Assets.xcassets */; };
		F80604AC215960480086390D /* LaunchScreen.storyboard in Resources */ = {isa = PBXBuildFile; fileRef = F80604AA215960480086390D /* LaunchScreen.storyboard */; };
		F80604B9215965FB0086390D /* CampaignSplashViewController.swift in Sources */ = {isa = PBXBuildFile; fileRef = F80604B8215965FB0086390D /* CampaignSplashViewController.swift */; };
		F80604BD2159665E0086390D /* PagesTableViewController.swift in Sources */ = {isa = PBXBuildFile; fileRef = F80604BC2159665E0086390D /* PagesTableViewController.swift */; };
		F80604C32159668B0086390D /* PagesDetailViewController.swift in Sources */ = {isa = PBXBuildFile; fileRef = F80604C22159668B0086390D /* PagesDetailViewController.swift */; };
		F80604CA2159C15F0086390D /* Campaign.swift in Sources */ = {isa = PBXBuildFile; fileRef = F80604C92159C15F0086390D /* Campaign.swift */; };
		F80604CC2159C2800086390D /* User.swift in Sources */ = {isa = PBXBuildFile; fileRef = F80604CB2159C2800086390D /* User.swift */; };
		F842963F215BFCC200DB25E9 /* Page.swift in Sources */ = {isa = PBXBuildFile; fileRef = F842963E215BFCC200DB25E9 /* Page.swift */; };
		F8429643215C43B800DB25E9 /* Main.storyboard in Resources */ = {isa = PBXBuildFile; fileRef = F8429642215C43B800DB25E9 /* Main.storyboard */; };
		F8429645215C498300DB25E9 /* RootViewController.swift in Sources */ = {isa = PBXBuildFile; fileRef = F8429644215C498300DB25E9 /* RootViewController.swift */; };
		F8494768215AAB7C00E15E42 /* OAuthSwift.framework in Frameworks */ = {isa = PBXBuildFile; fileRef = F8494767215AAB7C00E15E42 /* OAuthSwift.framework */; };
		F8494769215AAB7C00E15E42 /* OAuthSwift.framework in Embed Frameworks */ = {isa = PBXBuildFile; fileRef = F8494767215AAB7C00E15E42 /* OAuthSwift.framework */; settings = {ATTRIBUTES = (CodeSignOnCopy, RemoveHeadersOnCopy, ); }; };
		F8AAE03C215A9653003BD465 /* PagesTableViewCell.swift in Sources */ = {isa = PBXBuildFile; fileRef = F8AAE03B215A9653003BD465 /* PagesTableViewCell.swift */; };
		F8AAE03E215A9667003BD465 /* CharacterTableViewCell.swift in Sources */ = {isa = PBXBuildFile; fileRef = F8AAE03D215A9667003BD465 /* CharacterTableViewCell.swift */; };
		F8AAE040215A966F003BD465 /* ItemsTableViewCell.swift in Sources */ = {isa = PBXBuildFile; fileRef = F8AAE03F215A966F003BD465 /* ItemsTableViewCell.swift */; };
		F8AAE044215AA76E003BD465 /* PagesController.swift in Sources */ = {isa = PBXBuildFile; fileRef = F8AAE043215AA76E003BD465 /* PagesController.swift */; };
/* End PBXBuildFile section */

/* Begin PBXCopyFilesBuildPhase section */
		F849476A215AAB7C00E15E42 /* Embed Frameworks */ = {
			isa = PBXCopyFilesBuildPhase;
			buildActionMask = 2147483647;
			dstPath = "";
			dstSubfolderSpec = 10;
			files = (
				F8494769215AAB7C00E15E42 /* OAuthSwift.framework in Embed Frameworks */,
			);
			name = "Embed Frameworks";
			runOnlyForDeploymentPostprocessing = 0;
		};
/* End PBXCopyFilesBuildPhase section */

/* Begin PBXFileReference section */
		F806049E215960480086390D /* Obsidian Portal App Interface.app */ = {isa = PBXFileReference; explicitFileType = wrapper.application; includeInIndex = 0; path = "Obsidian Portal App Interface.app"; sourceTree = BUILT_PRODUCTS_DIR; };
		F80604A1215960480086390D /* AppDelegate.swift */ = {isa = PBXFileReference; lastKnownFileType = sourcecode.swift; path = AppDelegate.swift; sourceTree = "<group>"; };
		F80604A8215960480086390D /* Assets.xcassets */ = {isa = PBXFileReference; lastKnownFileType = folder.assetcatalog; path = Assets.xcassets; sourceTree = "<group>"; };
		F80604AB215960480086390D /* Base */ = {isa = PBXFileReference; lastKnownFileType = file.storyboard; name = Base; path = Base.lproj/LaunchScreen.storyboard; sourceTree = "<group>"; };
		F80604AD215960480086390D /* Info.plist */ = {isa = PBXFileReference; lastKnownFileType = text.plist.xml; path = Info.plist; sourceTree = "<group>"; };
		F80604B8215965FB0086390D /* CampaignSplashViewController.swift */ = {isa = PBXFileReference; lastKnownFileType = sourcecode.swift; path = CampaignSplashViewController.swift; sourceTree = "<group>"; };
		F80604BC2159665E0086390D /* PagesTableViewController.swift */ = {isa = PBXFileReference; lastKnownFileType = sourcecode.swift; path = PagesTableViewController.swift; sourceTree = "<group>"; };
		F80604C22159668B0086390D /* PagesDetailViewController.swift */ = {isa = PBXFileReference; lastKnownFileType = sourcecode.swift; path = PagesDetailViewController.swift; sourceTree = "<group>"; };
		F80604C92159C15F0086390D /* Campaign.swift */ = {isa = PBXFileReference; lastKnownFileType = sourcecode.swift; path = Campaign.swift; sourceTree = "<group>"; };
		F80604CB2159C2800086390D /* User.swift */ = {isa = PBXFileReference; lastKnownFileType = sourcecode.swift; path = User.swift; sourceTree = "<group>"; };
		F842963E215BFCC200DB25E9 /* Page.swift */ = {isa = PBXFileReference; lastKnownFileType = sourcecode.swift; path = Page.swift; sourceTree = "<group>"; };
		F8429642215C43B800DB25E9 /* Main.storyboard */ = {isa = PBXFileReference; lastKnownFileType = file.storyboard; path = Main.storyboard; sourceTree = "<group>"; };
		F8429644215C498300DB25E9 /* RootViewController.swift */ = {isa = PBXFileReference; lastKnownFileType = sourcecode.swift; path = RootViewController.swift; sourceTree = "<group>"; };
		F8494767215AAB7C00E15E42 /* OAuthSwift.framework */ = {isa = PBXFileReference; lastKnownFileType = wrapper.framework; name = OAuthSwift.framework; path = Carthage/Build/iOS/OAuthSwift.framework; sourceTree = "<group>"; };
		F8AAE03B215A9653003BD465 /* PagesTableViewCell.swift */ = {isa = PBXFileReference; lastKnownFileType = sourcecode.swift; path = PagesTableViewCell.swift; sourceTree = "<group>"; };
		F8AAE03D215A9667003BD465 /* CharacterTableViewCell.swift */ = {isa = PBXFileReference; lastKnownFileType = sourcecode.swift; path = CharacterTableViewCell.swift; sourceTree = "<group>"; };
		F8AAE03F215A966F003BD465 /* ItemsTableViewCell.swift */ = {isa = PBXFileReference; lastKnownFileType = sourcecode.swift; path = ItemsTableViewCell.swift; sourceTree = "<group>"; };
		F8AAE043215AA76E003BD465 /* PagesController.swift */ = {isa = PBXFileReference; lastKnownFileType = sourcecode.swift; path = PagesController.swift; sourceTree = "<group>"; };
/* End PBXFileReference section */

/* Begin PBXFrameworksBuildPhase section */
		F806049B215960480086390D /* Frameworks */ = {
			isa = PBXFrameworksBuildPhase;
			buildActionMask = 2147483647;
			files = (
				F8494768215AAB7C00E15E42 /* OAuthSwift.framework in Frameworks */,
			);
			runOnlyForDeploymentPostprocessing = 0;
		};
/* End PBXFrameworksBuildPhase section */

/* Begin PBXGroup section */
		F8060495215960480086390D = {
			isa = PBXGroup;
			children = (
				F80604A0215960480086390D /* Obsidian Portal App Interface */,
				F8494767215AAB7C00E15E42 /* OAuthSwift.framework */,
				F806049F215960480086390D /* Products */,
			);
			sourceTree = "<group>";
		};
		F806049F215960480086390D /* Products */ = {
			isa = PBXGroup;
			children = (
				F806049E215960480086390D /* Obsidian Portal App Interface.app */,
			);
			name = Products;
			sourceTree = "<group>";
		};
		F80604A0215960480086390D /* Obsidian Portal App Interface */ = {
			isa = PBXGroup;
			children = (
				F80604A1215960480086390D /* AppDelegate.swift */,
				F80604C82159C0240086390D /* Models */,
				F8AAE042215AA740003BD465 /* Model Controllers */,
				F8AAE03A215A961B003BD465 /* Cells */,
				F80604B3215965010086390D /* ViewControllers */,
				F8429642215C43B800DB25E9 /* Main.storyboard */,
				F80604A8215960480086390D /* Assets.xcassets */,
				F80604AA215960480086390D /* LaunchScreen.storyboard */,
				F80604AD215960480086390D /* Info.plist */,
			);
			path = "Obsidian Portal App Interface";
			sourceTree = "<group>";
		};
		F80604B3215965010086390D /* ViewControllers */ = {
			isa = PBXGroup;
			children = (
				F80604BC2159665E0086390D /* PagesTableViewController.swift */,
				F80604B8215965FB0086390D /* CampaignSplashViewController.swift */,
				F80604C22159668B0086390D /* PagesDetailViewController.swift */,
				F8429644215C498300DB25E9 /* RootViewController.swift */,
			);
			path = ViewControllers;
			sourceTree = "<group>";
		};
		F80604C82159C0240086390D /* Models */ = {
			isa = PBXGroup;
			children = (
				F80604C92159C15F0086390D /* Campaign.swift */,
				F80604CB2159C2800086390D /* User.swift */,
				F842963E215BFCC200DB25E9 /* Page.swift */,
			);
			path = Models;
			sourceTree = "<group>";
		};
		F8AAE03A215A961B003BD465 /* Cells */ = {
			isa = PBXGroup;
			children = (
				F8AAE03B215A9653003BD465 /* PagesTableViewCell.swift */,
				F8AAE03D215A9667003BD465 /* CharacterTableViewCell.swift */,
				F8AAE03F215A966F003BD465 /* ItemsTableViewCell.swift */,
			);
			path = Cells;
			sourceTree = "<group>";
		};
		F8AAE042215AA740003BD465 /* Model Controllers */ = {
			isa = PBXGroup;
			children = (
				F8AAE043215AA76E003BD465 /* PagesController.swift */,
			);
			path = "Model Controllers";
			sourceTree = "<group>";
		};
/* End PBXGroup section */

/* Begin PBXNativeTarget section */
		F806049D215960480086390D /* Obsidian Portal App Interface */ = {
			isa = PBXNativeTarget;
			buildConfigurationList = F80604B0215960480086390D /* Build configuration list for PBXNativeTarget "Obsidian Portal App Interface" */;
			buildPhases = (
				F806049A215960480086390D /* Sources */,
				F806049B215960480086390D /* Frameworks */,
				F806049C215960480086390D /* Resources */,
				F849476A215AAB7C00E15E42 /* Embed Frameworks */,
				F8494776215ACB6D00E15E42 /* ShellScript */,
			);
			buildRules = (
			);
			dependencies = (
			);
			name = "Obsidian Portal App Interface";
			productName = "Obsidian Portal App Interface";
			productReference = F806049E215960480086390D /* Obsidian Portal App Interface.app */;
			productType = "com.apple.product-type.application";
		};
/* End PBXNativeTarget section */

/* Begin PBXProject section */
		F8060496215960480086390D /* Project object */ = {
			isa = PBXProject;
			attributes = {
				LastSwiftUpdateCheck = 1000;
				LastUpgradeCheck = 1000;
				ORGANIZATIONNAME = "Jonathan T. Miles";
				TargetAttributes = {
					F806049D215960480086390D = {
						CreatedOnToolsVersion = 10.0;
					};
				};
			};
			buildConfigurationList = F8060499215960480086390D /* Build configuration list for PBXProject "Obsidian Portal App Interface" */;
			compatibilityVersion = "Xcode 9.3";
			developmentRegion = en;
			hasScannedForEncodings = 0;
			knownRegions = (
				en,
				Base,
			);
			mainGroup = F8060495215960480086390D;
			productRefGroup = F806049F215960480086390D /* Products */;
			projectDirPath = "";
			projectRoot = "";
			targets = (
				F806049D215960480086390D /* Obsidian Portal App Interface */,
			);
		};
/* End PBXProject section */

/* Begin PBXResourcesBuildPhase section */
		F806049C215960480086390D /* Resources */ = {
			isa = PBXResourcesBuildPhase;
			buildActionMask = 2147483647;
			files = (
				F80604AC215960480086390D /* LaunchScreen.storyboard in Resources */,
				F80604A9215960480086390D /* Assets.xcassets in Resources */,
				F8429643215C43B800DB25E9 /* Main.storyboard in Resources */,
			);
			runOnlyForDeploymentPostprocessing = 0;
		};
/* End PBXResourcesBuildPhase section */

/* Begin PBXShellScriptBuildPhase section */
		F8494776215ACB6D00E15E42 /* ShellScript */ = {
			isa = PBXShellScriptBuildPhase;
			buildActionMask = 2147483647;
			files = (
			);
			inputFileListPaths = (
			);
			inputPaths = (
				"$(SRCROOT)/Carthage/Build/iOS/OAuthSwift.framework",
			);
			outputFileListPaths = (
			);
			outputPaths = (
				"$(DERIVED_FILE_DIR)/Carthage/Build/iOS/OAuthSwift.framework",
			);
			runOnlyForDeploymentPostprocessing = 0;
			shellPath = /bin/sh;
			shellScript = "# Type a script or drag a script file from your workspace to insert its path.\n/usr/local/bin/carthage copy-frameworks\n";
		};
/* End PBXShellScriptBuildPhase section */

/* Begin PBXSourcesBuildPhase section */
		F806049A215960480086390D /* Sources */ = {
			isa = PBXSourcesBuildPhase;
			buildActionMask = 2147483647;
			files = (
				F80604CC2159C2800086390D /* User.swift in Sources */,
				F842963F215BFCC200DB25E9 /* Page.swift in Sources */,
				F8AAE03E215A9667003BD465 /* CharacterTableViewCell.swift in Sources */,
				F80604CA2159C15F0086390D /* Campaign.swift in Sources */,
				F8429645215C498300DB25E9 /* RootViewController.swift in Sources */,
				F8AAE03C215A9653003BD465 /* PagesTableViewCell.swift in Sources */,
				F80604C32159668B0086390D /* PagesDetailViewController.swift in Sources */,
				F8AAE044215AA76E003BD465 /* PagesController.swift in Sources */,
				F8AAE040215A966F003BD465 /* ItemsTableViewCell.swift in Sources */,
				F80604B9215965FB0086390D /* CampaignSplashViewController.swift in Sources */,
				F80604BD2159665E0086390D /* PagesTableViewController.swift in Sources */,
				F80604A2215960480086390D /* AppDelegate.swift in Sources */,
			);
			runOnlyForDeploymentPostprocessing = 0;
		};
/* End PBXSourcesBuildPhase section */

/* Begin PBXVariantGroup section */
		F80604AA215960480086390D /* LaunchScreen.storyboard */ = {
			isa = PBXVariantGroup;
			children = (
				F80604AB215960480086390D /* Base */,
			);
			name = LaunchScreen.storyboard;
			sourceTree = "<group>";
		};
/* End PBXVariantGroup section */

/* Begin XCBuildConfiguration section */
		F80604AE215960480086390D /* Debug */ = {
			isa = XCBuildConfiguration;
			buildSettings = {
				ALWAYS_SEARCH_USER_PATHS = NO;
				CLANG_ANALYZER_NONNULL = YES;
				CLANG_ANALYZER_NUMBER_OBJECT_CONVERSION = YES_AGGRESSIVE;
				CLANG_CXX_LANGUAGE_STANDARD = "gnu++14";
				CLANG_CXX_LIBRARY = "libc++";
				CLANG_ENABLE_MODULES = YES;
				CLANG_ENABLE_OBJC_ARC = YES;
				CLANG_ENABLE_OBJC_WEAK = YES;
				CLANG_WARN_BLOCK_CAPTURE_AUTORELEASING = YES;
				CLANG_WARN_BOOL_CONVERSION = YES;
				CLANG_WARN_COMMA = YES;
				CLANG_WARN_CONSTANT_CONVERSION = YES;
				CLANG_WARN_DEPRECATED_OBJC_IMPLEMENTATIONS = YES;
				CLANG_WARN_DIRECT_OBJC_ISA_USAGE = YES_ERROR;
				CLANG_WARN_DOCUMENTATION_COMMENTS = YES;
				CLANG_WARN_EMPTY_BODY = YES;
				CLANG_WARN_ENUM_CONVERSION = YES;
				CLANG_WARN_INFINITE_RECURSION = YES;
				CLANG_WARN_INT_CONVERSION = YES;
				CLANG_WARN_NON_LITERAL_NULL_CONVERSION = YES;
				CLANG_WARN_OBJC_IMPLICIT_RETAIN_SELF = YES;
				CLANG_WARN_OBJC_LITERAL_CONVERSION = YES;
				CLANG_WARN_OBJC_ROOT_CLASS = YES_ERROR;
				CLANG_WARN_RANGE_LOOP_ANALYSIS = YES;
				CLANG_WARN_STRICT_PROTOTYPES = YES;
				CLANG_WARN_SUSPICIOUS_MOVE = YES;
				CLANG_WARN_UNGUARDED_AVAILABILITY = YES_AGGRESSIVE;
				CLANG_WARN_UNREACHABLE_CODE = YES;
				CLANG_WARN__DUPLICATE_METHOD_MATCH = YES;
				CODE_SIGN_IDENTITY = "iPhone Developer";
				COPY_PHASE_STRIP = NO;
				DEBUG_INFORMATION_FORMAT = dwarf;
				ENABLE_STRICT_OBJC_MSGSEND = YES;
				ENABLE_TESTABILITY = YES;
				GCC_C_LANGUAGE_STANDARD = gnu11;
				GCC_DYNAMIC_NO_PIC = NO;
				GCC_NO_COMMON_BLOCKS = YES;
				GCC_OPTIMIZATION_LEVEL = 0;
				GCC_PREPROCESSOR_DEFINITIONS = (
					"DEBUG=1",
					"$(inherited)",
				);
				GCC_WARN_64_TO_32_BIT_CONVERSION = YES;
				GCC_WARN_ABOUT_RETURN_TYPE = YES_ERROR;
				GCC_WARN_UNDECLARED_SELECTOR = YES;
				GCC_WARN_UNINITIALIZED_AUTOS = YES_AGGRESSIVE;
				GCC_WARN_UNUSED_FUNCTION = YES;
				GCC_WARN_UNUSED_VARIABLE = YES;
				IPHONEOS_DEPLOYMENT_TARGET = 12.0;
				MTL_ENABLE_DEBUG_INFO = INCLUDE_SOURCE;
				MTL_FAST_MATH = YES;
				ONLY_ACTIVE_ARCH = YES;
				SDKROOT = iphoneos;
				SWIFT_ACTIVE_COMPILATION_CONDITIONS = DEBUG;
				SWIFT_OPTIMIZATION_LEVEL = "-Onone";
			};
			name = Debug;
		};
		F80604AF215960480086390D /* Release */ = {
			isa = XCBuildConfiguration;
			buildSettings = {
				ALWAYS_SEARCH_USER_PATHS = NO;
				CLANG_ANALYZER_NONNULL = YES;
				CLANG_ANALYZER_NUMBER_OBJECT_CONVERSION = YES_AGGRESSIVE;
				CLANG_CXX_LANGUAGE_STANDARD = "gnu++14";
				CLANG_CXX_LIBRARY = "libc++";
				CLANG_ENABLE_MODULES = YES;
				CLANG_ENABLE_OBJC_ARC = YES;
				CLANG_ENABLE_OBJC_WEAK = YES;
				CLANG_WARN_BLOCK_CAPTURE_AUTORELEASING = YES;
				CLANG_WARN_BOOL_CONVERSION = YES;
				CLANG_WARN_COMMA = YES;
				CLANG_WARN_CONSTANT_CONVERSION = YES;
				CLANG_WARN_DEPRECATED_OBJC_IMPLEMENTATIONS = YES;
				CLANG_WARN_DIRECT_OBJC_ISA_USAGE = YES_ERROR;
				CLANG_WARN_DOCUMENTATION_COMMENTS = YES;
				CLANG_WARN_EMPTY_BODY = YES;
				CLANG_WARN_ENUM_CONVERSION = YES;
				CLANG_WARN_INFINITE_RECURSION = YES;
				CLANG_WARN_INT_CONVERSION = YES;
				CLANG_WARN_NON_LITERAL_NULL_CONVERSION = YES;
				CLANG_WARN_OBJC_IMPLICIT_RETAIN_SELF = YES;
				CLANG_WARN_OBJC_LITERAL_CONVERSION = YES;
				CLANG_WARN_OBJC_ROOT_CLASS = YES_ERROR;
				CLANG_WARN_RANGE_LOOP_ANALYSIS = YES;
				CLANG_WARN_STRICT_PROTOTYPES = YES;
				CLANG_WARN_SUSPICIOUS_MOVE = YES;
				CLANG_WARN_UNGUARDED_AVAILABILITY = YES_AGGRESSIVE;
				CLANG_WARN_UNREACHABLE_CODE = YES;
				CLANG_WARN__DUPLICATE_METHOD_MATCH = YES;
				CODE_SIGN_IDENTITY = "iPhone Developer";
				COPY_PHASE_STRIP = NO;
				DEBUG_INFORMATION_FORMAT = "dwarf-with-dsym";
				ENABLE_NS_ASSERTIONS = NO;
				ENABLE_STRICT_OBJC_MSGSEND = YES;
				GCC_C_LANGUAGE_STANDARD = gnu11;
				GCC_NO_COMMON_BLOCKS = YES;
				GCC_WARN_64_TO_32_BIT_CONVERSION = YES;
				GCC_WARN_ABOUT_RETURN_TYPE = YES_ERROR;
				GCC_WARN_UNDECLARED_SELECTOR = YES;
				GCC_WARN_UNINITIALIZED_AUTOS = YES_AGGRESSIVE;
				GCC_WARN_UNUSED_FUNCTION = YES;
				GCC_WARN_UNUSED_VARIABLE = YES;
				IPHONEOS_DEPLOYMENT_TARGET = 12.0;
				MTL_ENABLE_DEBUG_INFO = NO;
				MTL_FAST_MATH = YES;
				SDKROOT = iphoneos;
				SWIFT_COMPILATION_MODE = wholemodule;
				SWIFT_OPTIMIZATION_LEVEL = "-O";
				VALIDATE_PRODUCT = YES;
			};
			name = Release;
		};
		F80604B1215960480086390D /* Debug */ = {
			isa = XCBuildConfiguration;
			buildSettings = {
				ASSETCATALOG_COMPILER_APPICON_NAME = AppIcon;
				CODE_SIGN_STYLE = Automatic;
				DEVELOPMENT_TEAM = 8J9VUCBX92;
				FRAMEWORK_SEARCH_PATHS = (
					"$(inherited)",
					"$(PROJECT_DIR)/Carthage/Build/iOS",
				);
				INFOPLIST_FILE = "Obsidian Portal App Interface/Info.plist";
				LD_RUNPATH_SEARCH_PATHS = (
					"$(inherited)",
					"@executable_path/Frameworks",
				);
				PRODUCT_BUNDLE_IDENTIFIER = "com.jonathantmiles.Obsidian-Portal-App-Interface";
				PRODUCT_NAME = "$(TARGET_NAME)";
				SWIFT_VERSION = 4.2;
				TARGETED_DEVICE_FAMILY = "1,2";
			};
			name = Debug;
		};
		F80604B2215960480086390D /* Release */ = {
			isa = XCBuildConfiguration;
			buildSettings = {
				ASSETCATALOG_COMPILER_APPICON_NAME = AppIcon;
				CODE_SIGN_STYLE = Automatic;
				DEVELOPMENT_TEAM = 8J9VUCBX92;
				FRAMEWORK_SEARCH_PATHS = (
					"$(inherited)",
					"$(PROJECT_DIR)/Carthage/Build/iOS",
				);
				INFOPLIST_FILE = "Obsidian Portal App Interface/Info.plist";
				LD_RUNPATH_SEARCH_PATHS = (
					"$(inherited)",
					"@executable_path/Frameworks",
				);
				PRODUCT_BUNDLE_IDENTIFIER = "com.jonathantmiles.Obsidian-Portal-App-Interface";
				PRODUCT_NAME = "$(TARGET_NAME)";
				SWIFT_VERSION = 4.2;
				TARGETED_DEVICE_FAMILY = "1,2";
			};
			name = Release;
		};
/* End XCBuildConfiguration section */

/* Begin XCConfigurationList section */
		F8060499215960480086390D /* Build configuration list for PBXProject "Obsidian Portal App Interface" */ = {
			isa = XCConfigurationList;
			buildConfigurations = (
				F80604AE215960480086390D /* Debug */,
				F80604AF215960480086390D /* Release */,
			);
			defaultConfigurationIsVisible = 0;
			defaultConfigurationName = Release;
		};
		F80604B0215960480086390D /* Build configuration list for PBXNativeTarget "Obsidian Portal App Interface" */ = {
			isa = XCConfigurationList;
			buildConfigurations = (
				F80604B1215960480086390D /* Debug */,
				F80604B2215960480086390D /* Release */,
			);
			defaultConfigurationIsVisible = 0;
			defaultConfigurationName = Release;
		};
/* End XCConfigurationList section */
	};
	rootObject = F8060496215960480086390D /* Project object */;
}
